
Microsoft Visual Studio Solution File, Format Version 12.00
# Visual Studio Version 17
VisualStudioVersion = 17.9.34616.47
MinimumVisualStudioVersion = 10.0.40219.1
Project("{2150E333-8FDC-42A3-9474-1A3956D46DE8}") = "01 - Apresentacao", "01 - Apresentacao", "{CFD3F850-D3B6-4C8A-817C-D7FDBF68AC4D}"
EndProject
Project("{2150E333-8FDC-42A3-9474-1A3956D46DE8}") = "02 - Dominio", "02 - Dominio", "{F8B9242E-78C6-4237-AA1C-5100A0276BF6}"
EndProject
Project("{2150E333-8FDC-42A3-9474-1A3956D46DE8}") = "03 - Infraestrutura", "03 - Infraestrutura", "{73346350-30C0-4828-8EF9-4A2D5DF2A8C6}"
EndProject
Project("{2150E333-8FDC-42A3-9474-1A3956D46DE8}") = "04 - CrossCutting", "04 - CrossCutting", "{1631223A-2E69-4D27-82C2-58651840B7EC}"
EndProject
Project("{9A19103F-16F7-4668-BE54-9A1E7A4F7556}") = "Cepedi.Serasa.Pagamento.IoC", "src\Cepedi.Serasa.Pagamento.IoC\Cepedi.Serasa.Pagamento.IoC.csproj", "{BF19B809-AF26-4AB4-99FD-55B6660C3872}"
EndProject
Project("{2150E333-8FDC-42A3-9474-1A3956D46DE8}") = "06 - Tests", "06 - Tests", "{2D4A6734-55E9-46FD-BC86-1A6B9652198C}"
EndProject
Project("{9A19103F-16F7-4668-BE54-9A1E7A4F7556}") = "Cepedi.Serasa.Pagamento.Api.Tests", "tests\Cepedi.Serasa.Pagamento.Api.Tests\Cepedi.Serasa.Pagamento.Api.Tests.csproj", "{3B6EEBEF-C0AF-4872-BDAC-39163EFE21FA}"
EndProject
Project("{2150E333-8FDC-42A3-9474-1A3956D46DE8}") = "07 - Itens", "07 - Itens", "{083535C5-41AC-4FF7-83DA-B0034E46A0F9}"
	ProjectSection(SolutionItems) = preProject
		.editorconfig = .editorconfig
		.gitignore = .gitignore
		README.md = README.md
	EndProjectSection
EndProject
Project("{9A19103F-16F7-4668-BE54-9A1E7A4F7556}") = "Cepedi.Serasa.Pagamento.Api", "src\Cepedi.Serasa.Pagamento.Api\Cepedi.Serasa.Pagamento.Api.csproj", "{A270F0C3-BADF-4841-A4A1-60E6A8788540}"
EndProject
Project("{9A19103F-16F7-4668-BE54-9A1E7A4F7556}") = "Cepedi.Serasa.Pagamento.Dominio", "src\Cepedi.Serasa.Pagamento.Dominio\Cepedi.Serasa.Pagamento.Dominio.csproj", "{C1AED0F6-A0A8-4BFB-A761-649C09E2EA1D}"
EndProject
Project("{9A19103F-16F7-4668-BE54-9A1E7A4F7556}") = "Cepedi.Serasa.Pagamento.Dados", "src\Cepedi.Serasa.Pagamento.Dados\Cepedi.Serasa.Pagamento.Dados.csproj", "{DC8E91AB-9EFA-475A-8B56-9A46B3E1E637}"
EndProject
Project("{9A19103F-16F7-4668-BE54-9A1E7A4F7556}") = "Cepedi.Serasa.Pagamento.Compartilhado", "src\Cepedi.Serasa.Pagamento.Compartilhado\Cepedi.Serasa.Pagamento.Compartilhado.csproj", "{5849E422-2D2E-4A19-B74C-4E4FFA32E27A}"
EndProject
Project("{9A19103F-16F7-4668-BE54-9A1E7A4F7556}") = "Cepedi.Serasa.Pagamento.Performance.Tests", "tests\Cepedi.Serasa.Pagamento.Performance.Tests\Cepedi.Serasa.Pagamento.Performance.Tests.csproj", "{3849BC04-C654-48E9-A2F8-2FCF473A7FC7}"
EndProject
Project("{9A19103F-16F7-4668-BE54-9A1E7A4F7556}") = "Cepedi.Serasa.Pagamento.Dominio.Tests", "tests\Cepedi.Serasa.Pagamento.Dominio.Tests\Cepedi.Serasa.Pagamento.Dominio.Tests.csproj", "{FA596882-D387-4F57-B5C0-4B6186AF8B57}"
EndProject
Project("{9A19103F-16F7-4668-BE54-9A1E7A4F7556}") = "Cepedi.Serasa.Pagamento.Data.Tests", "tests\Cepedi.Serasa.Pagamento.Dados.Tests\Cepedi.Serasa.Pagamento.Data.Tests.csproj", "{3ABE8C61-DB9E-4C1E-9514-B5ADA8D99A4E}"
EndProject
Project("{FAE04EC0-301F-11D3-BF4B-00C04F79EFBC}") = "RabbitMQ", "RabbitMQ\RabbitMQ.csproj", "{9463FAA0-256C-489F-AAD0-AFC5F31EA752}"
EndProject
Global
	GlobalSection(SolutionConfigurationPlatforms) = preSolution
		Debug|Any CPU = Debug|Any CPU
		Release|Any CPU = Release|Any CPU
	EndGlobalSection
	GlobalSection(ProjectConfigurationPlatforms) = postSolution
		{BF19B809-AF26-4AB4-99FD-55B6660C3872}.Debug|Any CPU.ActiveCfg = Debug|Any CPU
		{BF19B809-AF26-4AB4-99FD-55B6660C3872}.Debug|Any CPU.Build.0 = Debug|Any CPU
		{BF19B809-AF26-4AB4-99FD-55B6660C3872}.Release|Any CPU.ActiveCfg = Release|Any CPU
		{BF19B809-AF26-4AB4-99FD-55B6660C3872}.Release|Any CPU.Build.0 = Release|Any CPU
		{3B6EEBEF-C0AF-4872-BDAC-39163EFE21FA}.Debug|Any CPU.ActiveCfg = Debug|Any CPU
		{3B6EEBEF-C0AF-4872-BDAC-39163EFE21FA}.Debug|Any CPU.Build.0 = Debug|Any CPU
		{3B6EEBEF-C0AF-4872-BDAC-39163EFE21FA}.Release|Any CPU.ActiveCfg = Release|Any CPU
		{3B6EEBEF-C0AF-4872-BDAC-39163EFE21FA}.Release|Any CPU.Build.0 = Release|Any CPU
		{A270F0C3-BADF-4841-A4A1-60E6A8788540}.Debug|Any CPU.ActiveCfg = Debug|Any CPU
		{A270F0C3-BADF-4841-A4A1-60E6A8788540}.Debug|Any CPU.Build.0 = Debug|Any CPU
		{A270F0C3-BADF-4841-A4A1-60E6A8788540}.Release|Any CPU.ActiveCfg = Release|Any CPU
		{A270F0C3-BADF-4841-A4A1-60E6A8788540}.Release|Any CPU.Build.0 = Release|Any CPU
		{C1AED0F6-A0A8-4BFB-A761-649C09E2EA1D}.Debug|Any CPU.ActiveCfg = Debug|Any CPU
		{C1AED0F6-A0A8-4BFB-A761-649C09E2EA1D}.Debug|Any CPU.Build.0 = Debug|Any CPU
		{C1AED0F6-A0A8-4BFB-A761-649C09E2EA1D}.Release|Any CPU.ActiveCfg = Release|Any CPU
		{C1AED0F6-A0A8-4BFB-A761-649C09E2EA1D}.Release|Any CPU.Build.0 = Release|Any CPU
		{DC8E91AB-9EFA-475A-8B56-9A46B3E1E637}.Debug|Any CPU.ActiveCfg = Debug|Any CPU
		{DC8E91AB-9EFA-475A-8B56-9A46B3E1E637}.Debug|Any CPU.Build.0 = Debug|Any CPU
		{DC8E91AB-9EFA-475A-8B56-9A46B3E1E637}.Release|Any CPU.ActiveCfg = Release|Any CPU
		{DC8E91AB-9EFA-475A-8B56-9A46B3E1E637}.Release|Any CPU.Build.0 = Release|Any CPU
		{5849E422-2D2E-4A19-B74C-4E4FFA32E27A}.Debug|Any CPU.ActiveCfg = Debug|Any CPU
		{5849E422-2D2E-4A19-B74C-4E4FFA32E27A}.Debug|Any CPU.Build.0 = Debug|Any CPU
		{5849E422-2D2E-4A19-B74C-4E4FFA32E27A}.Release|Any CPU.ActiveCfg = Release|Any CPU
		{5849E422-2D2E-4A19-B74C-4E4FFA32E27A}.Release|Any CPU.Build.0 = Release|Any CPU
		{3849BC04-C654-48E9-A2F8-2FCF473A7FC7}.Debug|Any CPU.ActiveCfg = Debug|Any CPU
		{3849BC04-C654-48E9-A2F8-2FCF473A7FC7}.Debug|Any CPU.Build.0 = Debug|Any CPU
		{3849BC04-C654-48E9-A2F8-2FCF473A7FC7}.Release|Any CPU.ActiveCfg = Release|Any CPU
		{3849BC04-C654-48E9-A2F8-2FCF473A7FC7}.Release|Any CPU.Build.0 = Release|Any CPU
		{FA596882-D387-4F57-B5C0-4B6186AF8B57}.Debug|Any CPU.ActiveCfg = Debug|Any CPU
		{FA596882-D387-4F57-B5C0-4B6186AF8B57}.Debug|Any CPU.Build.0 = Debug|Any CPU
		{FA596882-D387-4F57-B5C0-4B6186AF8B57}.Release|Any CPU.ActiveCfg = Release|Any CPU
		{FA596882-D387-4F57-B5C0-4B6186AF8B57}.Release|Any CPU.Build.0 = Release|Any CPU
		{3ABE8C61-DB9E-4C1E-9514-B5ADA8D99A4E}.Debug|Any CPU.ActiveCfg = Debug|Any CPU
		{3ABE8C61-DB9E-4C1E-9514-B5ADA8D99A4E}.Debug|Any CPU.Build.0 = Debug|Any CPU
		{3ABE8C61-DB9E-4C1E-9514-B5ADA8D99A4E}.Release|Any CPU.ActiveCfg = Release|Any CPU
		{3ABE8C61-DB9E-4C1E-9514-B5ADA8D99A4E}.Release|Any CPU.Build.0 = Release|Any CPU
		{9463FAA0-256C-489F-AAD0-AFC5F31EA752}.Debug|Any CPU.ActiveCfg = Debug|Any CPU
		{9463FAA0-256C-489F-AAD0-AFC5F31EA752}.Debug|Any CPU.Build.0 = Debug|Any CPU
		{9463FAA0-256C-489F-AAD0-AFC5F31EA752}.Release|Any CPU.ActiveCfg = Release|Any CPU
		{9463FAA0-256C-489F-AAD0-AFC5F31EA752}.Release|Any CPU.Build.0 = Release|Any CPU
	EndGlobalSection
	GlobalSection(SolutionProperties) = preSolution
		HideSolutionNode = FALSE
	EndGlobalSection
	GlobalSection(NestedProjects) = preSolution
		{BF19B809-AF26-4AB4-99FD-55B6660C3872} = {1631223A-2E69-4D27-82C2-58651840B7EC}
		{3B6EEBEF-C0AF-4872-BDAC-39163EFE21FA} = {2D4A6734-55E9-46FD-BC86-1A6B9652198C}
		{A270F0C3-BADF-4841-A4A1-60E6A8788540} = {CFD3F850-D3B6-4C8A-817C-D7FDBF68AC4D}
		{C1AED0F6-A0A8-4BFB-A761-649C09E2EA1D} = {F8B9242E-78C6-4237-AA1C-5100A0276BF6}
		{DC8E91AB-9EFA-475A-8B56-9A46B3E1E637} = {73346350-30C0-4828-8EF9-4A2D5DF2A8C6}
		{5849E422-2D2E-4A19-B74C-4E4FFA32E27A} = {1631223A-2E69-4D27-82C2-58651840B7EC}
		{3849BC04-C654-48E9-A2F8-2FCF473A7FC7} = {2D4A6734-55E9-46FD-BC86-1A6B9652198C}
		{FA596882-D387-4F57-B5C0-4B6186AF8B57} = {2D4A6734-55E9-46FD-BC86-1A6B9652198C}
		{3ABE8C61-DB9E-4C1E-9514-B5ADA8D99A4E} = {2D4A6734-55E9-46FD-BC86-1A6B9652198C}
	EndGlobalSection
	GlobalSection(ExtensibilityGlobals) = postSolution
		SolutionGuid = {18F2618F-D5A0-4779-AB65-8871DF992684}
	EndGlobalSection
EndGlobal
